
Microsoft Visual Studio Solution File, Format Version 12.00
# Visual Studio 15
VisualStudioVersion = 15.0.26124.0
MinimumVisualStudioVersion = 15.0.26124.0
Project("{FAE04EC0-301F-11D3-BF4B-00C04F79EFBC}") = "BSPBuilder", "BSPBuilder\BSPBuilder.csproj", "{518CB8F1-8428-4801-B3CC-087615010A1F}"
EndProject
Project("{FAE04EC0-301F-11D3-BF4B-00C04F79EFBC}") = "ColladaConvert", "ColladaConvert\ColladaConvert.csproj", "{2D3F406C-D463-475E-9D39-3E3034982A92}"
EndProject
Project("{FAE04EC0-301F-11D3-BF4B-00C04F79EFBC}") = "ParticleEdit", "ParticleEdit\ParticleEdit.csproj", "{87BA6FBF-AEAE-4E67-B827-CC6B924BF22B}"
EndProject
Project("{FAE04EC0-301F-11D3-BF4B-00C04F79EFBC}") = "QEntityMaker", "QEntityMaker\QEntityMaker.csproj", "{288B46C7-1A38-4776-BF62-5A34738D40EA}"
EndProject
Project("{FAE04EC0-301F-11D3-BF4B-00C04F79EFBC}") = "TerrainEdit", "TerrainEdit\TerrainEdit.csproj", "{C2323EFB-D465-42B5-8784-9EB0559AEEA1}"
EndProject
Global
	GlobalSection(SolutionConfigurationPlatforms) = preSolution
		Debug|Any CPU = Debug|Any CPU
		Debug|x64 = Debug|x64
		Debug|x86 = Debug|x86
		Release|Any CPU = Release|Any CPU
		Release|x64 = Release|x64
		Release|x86 = Release|x86
	EndGlobalSection
	GlobalSection(SolutionProperties) = preSolution
		HideSolutionNode = FALSE
	EndGlobalSection
	GlobalSection(ProjectConfigurationPlatforms) = postSolution
		{518CB8F1-8428-4801-B3CC-087615010A1F}.Debug|Any CPU.ActiveCfg = Debug|Any CPU
		{518CB8F1-8428-4801-B3CC-087615010A1F}.Debug|Any CPU.Build.0 = Debug|Any CPU
		{518CB8F1-8428-4801-B3CC-087615010A1F}.Debug|x64.ActiveCfg = Debug|Any CPU
		{518CB8F1-8428-4801-B3CC-087615010A1F}.Debug|x64.Build.0 = Debug|Any CPU
		{518CB8F1-8428-4801-B3CC-087615010A1F}.Debug|x86.ActiveCfg = Debug|Any CPU
		{518CB8F1-8428-4801-B3CC-087615010A1F}.Debug|x86.Build.0 = Debug|Any CPU
		{518CB8F1-8428-4801-B3CC-087615010A1F}.Release|Any CPU.ActiveCfg = Release|Any CPU
		{518CB8F1-8428-4801-B3CC-087615010A1F}.Release|Any CPU.Build.0 = Release|Any CPU
		{518CB8F1-8428-4801-B3CC-087615010A1F}.Release|x64.ActiveCfg = Release|Any CPU
		{518CB8F1-8428-4801-B3CC-087615010A1F}.Release|x64.Build.0 = Release|Any CPU
		{518CB8F1-8428-4801-B3CC-087615010A1F}.Release|x86.ActiveCfg = Release|Any CPU
		{518CB8F1-8428-4801-B3CC-087615010A1F}.Release|x86.Build.0 = Release|Any CPU
		{2D3F406C-D463-475E-9D39-3E3034982A92}.Debug|Any CPU.ActiveCfg = Debug|Any CPU
		{2D3F406C-D463-475E-9D39-3E3034982A92}.Debug|Any CPU.Build.0 = Debug|Any CPU
		{2D3F406C-D463-475E-9D39-3E3034982A92}.Debug|x64.ActiveCfg = Debug|Any CPU
		{2D3F406C-D463-475E-9D39-3E3034982A92}.Debug|x64.Build.0 = Debug|Any CPU
		{2D3F406C-D463-475E-9D39-3E3034982A92}.Debug|x86.ActiveCfg = Debug|Any CPU
		{2D3F406C-D463-475E-9D39-3E3034982A92}.Debug|x86.Build.0 = Debug|Any CPU
		{2D3F406C-D463-475E-9D39-3E3034982A92}.Release|Any CPU.ActiveCfg = Release|Any CPU
		{2D3F406C-D463-475E-9D39-3E3034982A92}.Release|Any CPU.Build.0 = Release|Any CPU
		{2D3F406C-D463-475E-9D39-3E3034982A92}.Release|x64.ActiveCfg = Release|Any CPU
		{2D3F406C-D463-475E-9D39-3E3034982A92}.Release|x64.Build.0 = Release|Any CPU
		{2D3F406C-D463-475E-9D39-3E3034982A92}.Release|x86.ActiveCfg = Release|Any CPU
		{2D3F406C-D463-475E-9D39-3E3034982A92}.Release|x86.Build.0 = Release|Any CPU
		{87BA6FBF-AEAE-4E67-B827-CC6B924BF22B}.Debug|Any CPU.ActiveCfg = Debug|Any CPU
		{87BA6FBF-AEAE-4E67-B827-CC6B924BF22B}.Debug|Any CPU.Build.0 = Debug|Any CPU
		{87BA6FBF-AEAE-4E67-B827-CC6B924BF22B}.Debug|x64.ActiveCfg = Debug|Any CPU
		{87BA6FBF-AEAE-4E67-B827-CC6B924BF22B}.Debug|x64.Build.0 = Debug|Any CPU
		{87BA6FBF-AEAE-4E67-B827-CC6B924BF22B}.Debug|x86.ActiveCfg = Debug|Any CPU
		{87BA6FBF-AEAE-4E67-B827-CC6B924BF22B}.Debug|x86.Build.0 = Debug|Any CPU
		{87BA6FBF-AEAE-4E67-B827-CC6B924BF22B}.Release|Any CPU.ActiveCfg = Release|Any CPU
		{87BA6FBF-AEAE-4E67-B827-CC6B924BF22B}.Release|Any CPU.Build.0 = Release|Any CPU
		{87BA6FBF-AEAE-4E67-B827-CC6B924BF22B}.Release|x64.ActiveCfg = Release|Any CPU
		{87BA6FBF-AEAE-4E67-B827-CC6B924BF22B}.Release|x64.Build.0 = Release|Any CPU
		{87BA6FBF-AEAE-4E67-B827-CC6B924BF22B}.Release|x86.ActiveCfg = Release|Any CPU
		{87BA6FBF-AEAE-4E67-B827-CC6B924BF22B}.Release|x86.Build.0 = Release|Any CPU
		{288B46C7-1A38-4776-BF62-5A34738D40EA}.Debug|Any CPU.ActiveCfg = Debug|Any CPU
		{288B46C7-1A38-4776-BF62-5A34738D40EA}.Debug|Any CPU.Build.0 = Debug|Any CPU
		{288B46C7-1A38-4776-BF62-5A34738D40EA}.Debug|x64.ActiveCfg = Debug|Any CPU
		{288B46C7-1A38-4776-BF62-5A34738D40EA}.Debug|x64.Build.0 = Debug|Any CPU
		{288B46C7-1A38-4776-BF62-5A34738D40EA}.Debug|x86.ActiveCfg = Debug|Any CPU
		{288B46C7-1A38-4776-BF62-5A34738D40EA}.Debug|x86.Build.0 = Debug|Any CPU
		{288B46C7-1A38-4776-BF62-5A34738D40EA}.Release|Any CPU.ActiveCfg = Release|Any CPU
		{288B46C7-1A38-4776-BF62-5A34738D40EA}.Release|Any CPU.Build.0 = Release|Any CPU
		{288B46C7-1A38-4776-BF62-5A34738D40EA}.Release|x64.ActiveCfg = Release|Any CPU
		{288B46C7-1A38-4776-BF62-5A34738D40EA}.Release|x64.Build.0 = Release|Any CPU
		{288B46C7-1A38-4776-BF62-5A34738D40EA}.Release|x86.ActiveCfg = Release|Any CPU
		{288B46C7-1A38-4776-BF62-5A34738D40EA}.Release|x86.Build.0 = Release|Any CPU
		{C2323EFB-D465-42B5-8784-9EB0559AEEA1}.Debug|Any CPU.ActiveCfg = Debug|Any CPU
		{C2323EFB-D465-42B5-8784-9EB0559AEEA1}.Debug|Any CPU.Build.0 = Debug|Any CPU
		{C2323EFB-D465-42B5-8784-9EB0559AEEA1}.Debug|x64.ActiveCfg = Debug|Any CPU
		{C2323EFB-D465-42B5-8784-9EB0559AEEA1}.Debug|x64.Build.0 = Debug|Any CPU
		{C2323EFB-D465-42B5-8784-9EB0559AEEA1}.Debug|x86.ActiveCfg = Debug|Any CPU
		{C2323EFB-D465-42B5-8784-9EB0559AEEA1}.Debug|x86.Build.0 = Debug|Any CPU
		{C2323EFB-D465-42B5-8784-9EB0559AEEA1}.Release|Any CPU.ActiveCfg = Release|Any CPU
		{C2323EFB-D465-42B5-8784-9EB0559AEEA1}.Release|Any CPU.Build.0 = Release|Any CPU
		{C2323EFB-D465-42B5-8784-9EB0559AEEA1}.Release|x64.ActiveCfg = Release|Any CPU
		{C2323EFB-D465-42B5-8784-9EB0559AEEA1}.Release|x64.Build.0 = Release|Any CPU
		{C2323EFB-D465-42B5-8784-9EB0559AEEA1}.Release|x86.ActiveCfg = Release|Any CPU
		{C2323EFB-D465-42B5-8784-9EB0559AEEA1}.Release|x86.Build.0 = Release|Any CPU
	EndGlobalSection
EndGlobal
