
Microsoft Visual Studio Solution File, Format Version 12.00
# Visual Studio Version 17
VisualStudioVersion = 17.0.32112.339
MinimumVisualStudioVersion = 15.0.26124.0
Project("{FAE04EC0-301F-11D3-BF4B-00C04F79EFBC}") = "QEntityMaker", "QEntityMaker\QEntityMaker.csproj", "{05741723-8E6A-4DD2-B4BF-8EF51F8FDD4D}"
EndProject
Project("{FAE04EC0-301F-11D3-BF4B-00C04F79EFBC}") = "EarlyTest", "EarlyTest\EarlyTest.csproj", "{D5FE4848-816F-4250-A564-9A07F34D26EC}"
EndProject
Project("{2150E333-8FDC-42A3-9474-1A3956D46DE8}") = "GrogLibs", "GrogLibs", "{1B13BC6D-59B1-4994-8645-AE3834947DF4}"
EndProject
Project("{FAE04EC0-301F-11D3-BF4B-00C04F79EFBC}") = "SharpDXWindows", "GrogLibs\SharpDXWindows\SharpDXWindows.csproj", "{C78DC459-DBBB-4A47-A564-BF2C133C9306}"
EndProject
Project("{FAE04EC0-301F-11D3-BF4B-00C04F79EFBC}") = "UtilityLib", "GrogLibs\UtilityLib\UtilityLib.csproj", "{FDC7D8F0-082D-438B-883D-72A19EF917DC}"
EndProject
Project("{FAE04EC0-301F-11D3-BF4B-00C04F79EFBC}") = "MaterialLib", "GrogLibs\MaterialLib\MaterialLib.csproj", "{1B4E3827-AE23-40B6-87F8-CBD10A18CA07}"
EndProject
Project("{2150E333-8FDC-42A3-9474-1A3956D46DE8}") = "Vortice.Windows", "Vortice.Windows", "{F7677924-C3D3-4188-8CA4-65AE439F1E56}"
EndProject
Project("{2150E333-8FDC-42A3-9474-1A3956D46DE8}") = "src", "src", "{910B1E1E-355B-4521-B70A-626BDFACCACE}"
EndProject
Project("{FAE04EC0-301F-11D3-BF4B-00C04F79EFBC}") = "Vortice.DirectX", "GrogLibs\Vortice.Windows\src\Vortice.DirectX\Vortice.DirectX.csproj", "{3E613975-D6BB-4B45-91BD-8D97D8C002C4}"
EndProject
Project("{FAE04EC0-301F-11D3-BF4B-00C04F79EFBC}") = "Vortice.Direct3D11", "GrogLibs\Vortice.Windows\src\Vortice.Direct3D11\Vortice.Direct3D11.csproj", "{79FEDFDA-3F97-4940-BE34-703B357D0934}"
EndProject
Project("{FAE04EC0-301F-11D3-BF4B-00C04F79EFBC}") = "Vortice.D3DCompiler", "GrogLibs\Vortice.Windows\src\Vortice.D3DCompiler\Vortice.D3DCompiler.csproj", "{D8477D57-6990-4535-A16E-86E2FA1CE0BD}"
EndProject
Project("{FAE04EC0-301F-11D3-BF4B-00C04F79EFBC}") = "Vortice.DXGI", "GrogLibs\Vortice.Windows\src\Vortice.DXGI\Vortice.DXGI.csproj", "{DE92B854-5297-4CC7-A206-E217291220C9}"
EndProject
Project("{FAE04EC0-301F-11D3-BF4B-00C04F79EFBC}") = "Vortice.Direct2D1", "GrogLibs\Vortice.Windows\src\Vortice.Direct2D1\Vortice.Direct2D1.csproj", "{02D6C1AE-674E-408F-B540-E4B991976ED4}"
EndProject
Project("{FAE04EC0-301F-11D3-BF4B-00C04F79EFBC}") = "InputLib", "GrogLibs\InputLib\InputLib.csproj", "{C413A9F7-55F7-49E3-BFEC-D6AEBE2FBAEA}"
EndProject
Project("{FAE04EC0-301F-11D3-BF4B-00C04F79EFBC}") = "MeshLib", "GrogLibs\MeshLib\MeshLib.csproj", "{56C6E530-B95A-4D96-AAB6-816F251B6F69}"
EndProject
Project("{FAE04EC0-301F-11D3-BF4B-00C04F79EFBC}") = "ColladaConvert", "ColladaConvert\ColladaConvert.csproj", "{C65D3B8B-05A6-480E-A7F4-7E84EF4FF055}"
EndProject
Project("{FAE04EC0-301F-11D3-BF4B-00C04F79EFBC}") = "SharedForms", "GrogLibs\SharedForms\SharedForms.csproj", "{A91730AC-F597-4216-B617-CDC8CB70217A}"
EndProject
Project("{2150E333-8FDC-42A3-9474-1A3956D46DE8}") = "Vortice.Mathematics", "Vortice.Mathematics", "{FFC49D7D-CB1C-4482-8462-BF5607F9EC15}"
EndProject
Project("{2150E333-8FDC-42A3-9474-1A3956D46DE8}") = "src", "src", "{7D119BBB-19FC-4214-8D20-D3DD507CCCB9}"
EndProject
Global
	GlobalSection(SolutionConfigurationPlatforms) = preSolution
		Debug|Any CPU = Debug|Any CPU
		Debug|x64 = Debug|x64
		Debug|x86 = Debug|x86
		Release|Any CPU = Release|Any CPU
		Release|x64 = Release|x64
		Release|x86 = Release|x86
	EndGlobalSection
	GlobalSection(ProjectConfigurationPlatforms) = postSolution
		{05741723-8E6A-4DD2-B4BF-8EF51F8FDD4D}.Debug|Any CPU.ActiveCfg = Debug|Any CPU
		{05741723-8E6A-4DD2-B4BF-8EF51F8FDD4D}.Debug|Any CPU.Build.0 = Debug|Any CPU
		{05741723-8E6A-4DD2-B4BF-8EF51F8FDD4D}.Debug|x64.ActiveCfg = Debug|Any CPU
		{05741723-8E6A-4DD2-B4BF-8EF51F8FDD4D}.Debug|x64.Build.0 = Debug|Any CPU
		{05741723-8E6A-4DD2-B4BF-8EF51F8FDD4D}.Debug|x86.ActiveCfg = Debug|Any CPU
		{05741723-8E6A-4DD2-B4BF-8EF51F8FDD4D}.Debug|x86.Build.0 = Debug|Any CPU
		{05741723-8E6A-4DD2-B4BF-8EF51F8FDD4D}.Release|Any CPU.ActiveCfg = Release|Any CPU
		{05741723-8E6A-4DD2-B4BF-8EF51F8FDD4D}.Release|Any CPU.Build.0 = Release|Any CPU
		{05741723-8E6A-4DD2-B4BF-8EF51F8FDD4D}.Release|x64.ActiveCfg = Release|Any CPU
		{05741723-8E6A-4DD2-B4BF-8EF51F8FDD4D}.Release|x64.Build.0 = Release|Any CPU
		{05741723-8E6A-4DD2-B4BF-8EF51F8FDD4D}.Release|x86.ActiveCfg = Release|Any CPU
		{05741723-8E6A-4DD2-B4BF-8EF51F8FDD4D}.Release|x86.Build.0 = Release|Any CPU
		{D5FE4848-816F-4250-A564-9A07F34D26EC}.Debug|Any CPU.ActiveCfg = Debug|Any CPU
		{D5FE4848-816F-4250-A564-9A07F34D26EC}.Debug|Any CPU.Build.0 = Debug|Any CPU
		{D5FE4848-816F-4250-A564-9A07F34D26EC}.Debug|x64.ActiveCfg = Debug|Any CPU
		{D5FE4848-816F-4250-A564-9A07F34D26EC}.Debug|x64.Build.0 = Debug|Any CPU
		{D5FE4848-816F-4250-A564-9A07F34D26EC}.Debug|x86.ActiveCfg = Debug|Any CPU
		{D5FE4848-816F-4250-A564-9A07F34D26EC}.Debug|x86.Build.0 = Debug|Any CPU
		{D5FE4848-816F-4250-A564-9A07F34D26EC}.Release|Any CPU.ActiveCfg = Release|Any CPU
		{D5FE4848-816F-4250-A564-9A07F34D26EC}.Release|Any CPU.Build.0 = Release|Any CPU
		{D5FE4848-816F-4250-A564-9A07F34D26EC}.Release|x64.ActiveCfg = Release|Any CPU
		{D5FE4848-816F-4250-A564-9A07F34D26EC}.Release|x64.Build.0 = Release|Any CPU
		{D5FE4848-816F-4250-A564-9A07F34D26EC}.Release|x86.ActiveCfg = Release|Any CPU
		{D5FE4848-816F-4250-A564-9A07F34D26EC}.Release|x86.Build.0 = Release|Any CPU
		{C78DC459-DBBB-4A47-A564-BF2C133C9306}.Debug|Any CPU.ActiveCfg = Debug|Any CPU
		{C78DC459-DBBB-4A47-A564-BF2C133C9306}.Debug|Any CPU.Build.0 = Debug|Any CPU
		{C78DC459-DBBB-4A47-A564-BF2C133C9306}.Debug|x64.ActiveCfg = Debug|Any CPU
		{C78DC459-DBBB-4A47-A564-BF2C133C9306}.Debug|x64.Build.0 = Debug|Any CPU
		{C78DC459-DBBB-4A47-A564-BF2C133C9306}.Debug|x86.ActiveCfg = Debug|Any CPU
		{C78DC459-DBBB-4A47-A564-BF2C133C9306}.Debug|x86.Build.0 = Debug|Any CPU
		{C78DC459-DBBB-4A47-A564-BF2C133C9306}.Release|Any CPU.ActiveCfg = Release|Any CPU
		{C78DC459-DBBB-4A47-A564-BF2C133C9306}.Release|Any CPU.Build.0 = Release|Any CPU
		{C78DC459-DBBB-4A47-A564-BF2C133C9306}.Release|x64.ActiveCfg = Release|Any CPU
		{C78DC459-DBBB-4A47-A564-BF2C133C9306}.Release|x64.Build.0 = Release|Any CPU
		{C78DC459-DBBB-4A47-A564-BF2C133C9306}.Release|x86.ActiveCfg = Release|Any CPU
		{C78DC459-DBBB-4A47-A564-BF2C133C9306}.Release|x86.Build.0 = Release|Any CPU
		{FDC7D8F0-082D-438B-883D-72A19EF917DC}.Debug|Any CPU.ActiveCfg = Debug|Any CPU
		{FDC7D8F0-082D-438B-883D-72A19EF917DC}.Debug|Any CPU.Build.0 = Debug|Any CPU
		{FDC7D8F0-082D-438B-883D-72A19EF917DC}.Debug|x64.ActiveCfg = Debug|Any CPU
		{FDC7D8F0-082D-438B-883D-72A19EF917DC}.Debug|x64.Build.0 = Debug|Any CPU
		{FDC7D8F0-082D-438B-883D-72A19EF917DC}.Debug|x86.ActiveCfg = Debug|Any CPU
		{FDC7D8F0-082D-438B-883D-72A19EF917DC}.Debug|x86.Build.0 = Debug|Any CPU
		{FDC7D8F0-082D-438B-883D-72A19EF917DC}.Release|Any CPU.ActiveCfg = Release|Any CPU
		{FDC7D8F0-082D-438B-883D-72A19EF917DC}.Release|Any CPU.Build.0 = Release|Any CPU
		{FDC7D8F0-082D-438B-883D-72A19EF917DC}.Release|x64.ActiveCfg = Release|Any CPU
		{FDC7D8F0-082D-438B-883D-72A19EF917DC}.Release|x64.Build.0 = Release|Any CPU
		{FDC7D8F0-082D-438B-883D-72A19EF917DC}.Release|x86.ActiveCfg = Release|Any CPU
		{FDC7D8F0-082D-438B-883D-72A19EF917DC}.Release|x86.Build.0 = Release|Any CPU
		{1B4E3827-AE23-40B6-87F8-CBD10A18CA07}.Debug|Any CPU.ActiveCfg = Debug|Any CPU
		{1B4E3827-AE23-40B6-87F8-CBD10A18CA07}.Debug|Any CPU.Build.0 = Debug|Any CPU
		{1B4E3827-AE23-40B6-87F8-CBD10A18CA07}.Debug|x64.ActiveCfg = Debug|Any CPU
		{1B4E3827-AE23-40B6-87F8-CBD10A18CA07}.Debug|x64.Build.0 = Debug|Any CPU
		{1B4E3827-AE23-40B6-87F8-CBD10A18CA07}.Debug|x86.ActiveCfg = Debug|Any CPU
		{1B4E3827-AE23-40B6-87F8-CBD10A18CA07}.Debug|x86.Build.0 = Debug|Any CPU
		{1B4E3827-AE23-40B6-87F8-CBD10A18CA07}.Release|Any CPU.ActiveCfg = Release|Any CPU
		{1B4E3827-AE23-40B6-87F8-CBD10A18CA07}.Release|Any CPU.Build.0 = Release|Any CPU
		{1B4E3827-AE23-40B6-87F8-CBD10A18CA07}.Release|x64.ActiveCfg = Release|Any CPU
		{1B4E3827-AE23-40B6-87F8-CBD10A18CA07}.Release|x64.Build.0 = Release|Any CPU
		{1B4E3827-AE23-40B6-87F8-CBD10A18CA07}.Release|x86.ActiveCfg = Release|Any CPU
		{1B4E3827-AE23-40B6-87F8-CBD10A18CA07}.Release|x86.Build.0 = Release|Any CPU
		{3E613975-D6BB-4B45-91BD-8D97D8C002C4}.Debug|Any CPU.ActiveCfg = Debug|Any CPU
		{3E613975-D6BB-4B45-91BD-8D97D8C002C4}.Debug|Any CPU.Build.0 = Debug|Any CPU
		{3E613975-D6BB-4B45-91BD-8D97D8C002C4}.Debug|x64.ActiveCfg = Debug|Any CPU
		{3E613975-D6BB-4B45-91BD-8D97D8C002C4}.Debug|x64.Build.0 = Debug|Any CPU
		{3E613975-D6BB-4B45-91BD-8D97D8C002C4}.Debug|x86.ActiveCfg = Debug|Any CPU
		{3E613975-D6BB-4B45-91BD-8D97D8C002C4}.Debug|x86.Build.0 = Debug|Any CPU
		{3E613975-D6BB-4B45-91BD-8D97D8C002C4}.Release|Any CPU.ActiveCfg = Release|Any CPU
		{3E613975-D6BB-4B45-91BD-8D97D8C002C4}.Release|Any CPU.Build.0 = Release|Any CPU
		{3E613975-D6BB-4B45-91BD-8D97D8C002C4}.Release|x64.ActiveCfg = Release|Any CPU
		{3E613975-D6BB-4B45-91BD-8D97D8C002C4}.Release|x64.Build.0 = Release|Any CPU
		{3E613975-D6BB-4B45-91BD-8D97D8C002C4}.Release|x86.ActiveCfg = Release|Any CPU
		{3E613975-D6BB-4B45-91BD-8D97D8C002C4}.Release|x86.Build.0 = Release|Any CPU
		{79FEDFDA-3F97-4940-BE34-703B357D0934}.Debug|Any CPU.ActiveCfg = Debug|Any CPU
		{79FEDFDA-3F97-4940-BE34-703B357D0934}.Debug|Any CPU.Build.0 = Debug|Any CPU
		{79FEDFDA-3F97-4940-BE34-703B357D0934}.Debug|x64.ActiveCfg = Debug|Any CPU
		{79FEDFDA-3F97-4940-BE34-703B357D0934}.Debug|x64.Build.0 = Debug|Any CPU
		{79FEDFDA-3F97-4940-BE34-703B357D0934}.Debug|x86.ActiveCfg = Debug|Any CPU
		{79FEDFDA-3F97-4940-BE34-703B357D0934}.Debug|x86.Build.0 = Debug|Any CPU
		{79FEDFDA-3F97-4940-BE34-703B357D0934}.Release|Any CPU.ActiveCfg = Release|Any CPU
		{79FEDFDA-3F97-4940-BE34-703B357D0934}.Release|Any CPU.Build.0 = Release|Any CPU
		{79FEDFDA-3F97-4940-BE34-703B357D0934}.Release|x64.ActiveCfg = Release|Any CPU
		{79FEDFDA-3F97-4940-BE34-703B357D0934}.Release|x64.Build.0 = Release|Any CPU
		{79FEDFDA-3F97-4940-BE34-703B357D0934}.Release|x86.ActiveCfg = Release|Any CPU
		{79FEDFDA-3F97-4940-BE34-703B357D0934}.Release|x86.Build.0 = Release|Any CPU
		{D8477D57-6990-4535-A16E-86E2FA1CE0BD}.Debug|Any CPU.ActiveCfg = Debug|Any CPU
		{D8477D57-6990-4535-A16E-86E2FA1CE0BD}.Debug|Any CPU.Build.0 = Debug|Any CPU
		{D8477D57-6990-4535-A16E-86E2FA1CE0BD}.Debug|x64.ActiveCfg = Debug|Any CPU
		{D8477D57-6990-4535-A16E-86E2FA1CE0BD}.Debug|x64.Build.0 = Debug|Any CPU
		{D8477D57-6990-4535-A16E-86E2FA1CE0BD}.Debug|x86.ActiveCfg = Debug|Any CPU
		{D8477D57-6990-4535-A16E-86E2FA1CE0BD}.Debug|x86.Build.0 = Debug|Any CPU
		{D8477D57-6990-4535-A16E-86E2FA1CE0BD}.Release|Any CPU.ActiveCfg = Release|Any CPU
		{D8477D57-6990-4535-A16E-86E2FA1CE0BD}.Release|Any CPU.Build.0 = Release|Any CPU
		{D8477D57-6990-4535-A16E-86E2FA1CE0BD}.Release|x64.ActiveCfg = Release|Any CPU
		{D8477D57-6990-4535-A16E-86E2FA1CE0BD}.Release|x64.Build.0 = Release|Any CPU
		{D8477D57-6990-4535-A16E-86E2FA1CE0BD}.Release|x86.ActiveCfg = Release|Any CPU
		{D8477D57-6990-4535-A16E-86E2FA1CE0BD}.Release|x86.Build.0 = Release|Any CPU
		{DE92B854-5297-4CC7-A206-E217291220C9}.Debug|Any CPU.ActiveCfg = Debug|Any CPU
		{DE92B854-5297-4CC7-A206-E217291220C9}.Debug|Any CPU.Build.0 = Debug|Any CPU
		{DE92B854-5297-4CC7-A206-E217291220C9}.Debug|x64.ActiveCfg = Debug|Any CPU
		{DE92B854-5297-4CC7-A206-E217291220C9}.Debug|x64.Build.0 = Debug|Any CPU
		{DE92B854-5297-4CC7-A206-E217291220C9}.Debug|x86.ActiveCfg = Debug|Any CPU
		{DE92B854-5297-4CC7-A206-E217291220C9}.Debug|x86.Build.0 = Debug|Any CPU
		{DE92B854-5297-4CC7-A206-E217291220C9}.Release|Any CPU.ActiveCfg = Release|Any CPU
		{DE92B854-5297-4CC7-A206-E217291220C9}.Release|Any CPU.Build.0 = Release|Any CPU
		{DE92B854-5297-4CC7-A206-E217291220C9}.Release|x64.ActiveCfg = Release|Any CPU
		{DE92B854-5297-4CC7-A206-E217291220C9}.Release|x64.Build.0 = Release|Any CPU
		{DE92B854-5297-4CC7-A206-E217291220C9}.Release|x86.ActiveCfg = Release|Any CPU
		{DE92B854-5297-4CC7-A206-E217291220C9}.Release|x86.Build.0 = Release|Any CPU
		{02D6C1AE-674E-408F-B540-E4B991976ED4}.Debug|Any CPU.ActiveCfg = Debug|Any CPU
		{02D6C1AE-674E-408F-B540-E4B991976ED4}.Debug|Any CPU.Build.0 = Debug|Any CPU
		{02D6C1AE-674E-408F-B540-E4B991976ED4}.Debug|x64.ActiveCfg = Debug|Any CPU
		{02D6C1AE-674E-408F-B540-E4B991976ED4}.Debug|x64.Build.0 = Debug|Any CPU
		{02D6C1AE-674E-408F-B540-E4B991976ED4}.Debug|x86.ActiveCfg = Debug|Any CPU
		{02D6C1AE-674E-408F-B540-E4B991976ED4}.Debug|x86.Build.0 = Debug|Any CPU
		{02D6C1AE-674E-408F-B540-E4B991976ED4}.Release|Any CPU.ActiveCfg = Release|Any CPU
		{02D6C1AE-674E-408F-B540-E4B991976ED4}.Release|Any CPU.Build.0 = Release|Any CPU
		{02D6C1AE-674E-408F-B540-E4B991976ED4}.Release|x64.ActiveCfg = Release|Any CPU
		{02D6C1AE-674E-408F-B540-E4B991976ED4}.Release|x64.Build.0 = Release|Any CPU
		{02D6C1AE-674E-408F-B540-E4B991976ED4}.Release|x86.ActiveCfg = Release|Any CPU
		{02D6C1AE-674E-408F-B540-E4B991976ED4}.Release|x86.Build.0 = Release|Any CPU
		{C413A9F7-55F7-49E3-BFEC-D6AEBE2FBAEA}.Debug|Any CPU.ActiveCfg = Debug|Any CPU
		{C413A9F7-55F7-49E3-BFEC-D6AEBE2FBAEA}.Debug|Any CPU.Build.0 = Debug|Any CPU
		{C413A9F7-55F7-49E3-BFEC-D6AEBE2FBAEA}.Debug|x64.ActiveCfg = Debug|Any CPU
		{C413A9F7-55F7-49E3-BFEC-D6AEBE2FBAEA}.Debug|x64.Build.0 = Debug|Any CPU
		{C413A9F7-55F7-49E3-BFEC-D6AEBE2FBAEA}.Debug|x86.ActiveCfg = Debug|Any CPU
		{C413A9F7-55F7-49E3-BFEC-D6AEBE2FBAEA}.Debug|x86.Build.0 = Debug|Any CPU
		{C413A9F7-55F7-49E3-BFEC-D6AEBE2FBAEA}.Release|Any CPU.ActiveCfg = Release|Any CPU
		{C413A9F7-55F7-49E3-BFEC-D6AEBE2FBAEA}.Release|Any CPU.Build.0 = Release|Any CPU
		{C413A9F7-55F7-49E3-BFEC-D6AEBE2FBAEA}.Release|x64.ActiveCfg = Release|Any CPU
		{C413A9F7-55F7-49E3-BFEC-D6AEBE2FBAEA}.Release|x64.Build.0 = Release|Any CPU
		{C413A9F7-55F7-49E3-BFEC-D6AEBE2FBAEA}.Release|x86.ActiveCfg = Release|Any CPU
		{C413A9F7-55F7-49E3-BFEC-D6AEBE2FBAEA}.Release|x86.Build.0 = Release|Any CPU
		{56C6E530-B95A-4D96-AAB6-816F251B6F69}.Debug|Any CPU.ActiveCfg = Debug|Any CPU
		{56C6E530-B95A-4D96-AAB6-816F251B6F69}.Debug|Any CPU.Build.0 = Debug|Any CPU
		{56C6E530-B95A-4D96-AAB6-816F251B6F69}.Debug|x64.ActiveCfg = Debug|Any CPU
		{56C6E530-B95A-4D96-AAB6-816F251B6F69}.Debug|x64.Build.0 = Debug|Any CPU
		{56C6E530-B95A-4D96-AAB6-816F251B6F69}.Debug|x86.ActiveCfg = Debug|Any CPU
		{56C6E530-B95A-4D96-AAB6-816F251B6F69}.Debug|x86.Build.0 = Debug|Any CPU
		{56C6E530-B95A-4D96-AAB6-816F251B6F69}.Release|Any CPU.ActiveCfg = Release|Any CPU
		{56C6E530-B95A-4D96-AAB6-816F251B6F69}.Release|Any CPU.Build.0 = Release|Any CPU
		{56C6E530-B95A-4D96-AAB6-816F251B6F69}.Release|x64.ActiveCfg = Release|Any CPU
		{56C6E530-B95A-4D96-AAB6-816F251B6F69}.Release|x64.Build.0 = Release|Any CPU
		{56C6E530-B95A-4D96-AAB6-816F251B6F69}.Release|x86.ActiveCfg = Release|Any CPU
		{56C6E530-B95A-4D96-AAB6-816F251B6F69}.Release|x86.Build.0 = Release|Any CPU
		{C65D3B8B-05A6-480E-A7F4-7E84EF4FF055}.Debug|Any CPU.ActiveCfg = Debug|Any CPU
		{C65D3B8B-05A6-480E-A7F4-7E84EF4FF055}.Debug|Any CPU.Build.0 = Debug|Any CPU
		{C65D3B8B-05A6-480E-A7F4-7E84EF4FF055}.Debug|x64.ActiveCfg = Debug|Any CPU
		{C65D3B8B-05A6-480E-A7F4-7E84EF4FF055}.Debug|x64.Build.0 = Debug|Any CPU
		{C65D3B8B-05A6-480E-A7F4-7E84EF4FF055}.Debug|x86.ActiveCfg = Debug|Any CPU
		{C65D3B8B-05A6-480E-A7F4-7E84EF4FF055}.Debug|x86.Build.0 = Debug|Any CPU
		{C65D3B8B-05A6-480E-A7F4-7E84EF4FF055}.Release|Any CPU.ActiveCfg = Release|Any CPU
		{C65D3B8B-05A6-480E-A7F4-7E84EF4FF055}.Release|Any CPU.Build.0 = Release|Any CPU
		{C65D3B8B-05A6-480E-A7F4-7E84EF4FF055}.Release|x64.ActiveCfg = Release|Any CPU
		{C65D3B8B-05A6-480E-A7F4-7E84EF4FF055}.Release|x64.Build.0 = Release|Any CPU
		{C65D3B8B-05A6-480E-A7F4-7E84EF4FF055}.Release|x86.ActiveCfg = Release|Any CPU
		{C65D3B8B-05A6-480E-A7F4-7E84EF4FF055}.Release|x86.Build.0 = Release|Any CPU
		{A91730AC-F597-4216-B617-CDC8CB70217A}.Debug|Any CPU.ActiveCfg = Debug|Any CPU
		{A91730AC-F597-4216-B617-CDC8CB70217A}.Debug|Any CPU.Build.0 = Debug|Any CPU
		{A91730AC-F597-4216-B617-CDC8CB70217A}.Debug|x64.ActiveCfg = Debug|Any CPU
		{A91730AC-F597-4216-B617-CDC8CB70217A}.Debug|x64.Build.0 = Debug|Any CPU
		{A91730AC-F597-4216-B617-CDC8CB70217A}.Debug|x86.ActiveCfg = Debug|Any CPU
		{A91730AC-F597-4216-B617-CDC8CB70217A}.Debug|x86.Build.0 = Debug|Any CPU
		{A91730AC-F597-4216-B617-CDC8CB70217A}.Release|Any CPU.ActiveCfg = Release|Any CPU
		{A91730AC-F597-4216-B617-CDC8CB70217A}.Release|Any CPU.Build.0 = Release|Any CPU
		{A91730AC-F597-4216-B617-CDC8CB70217A}.Release|x64.ActiveCfg = Release|Any CPU
		{A91730AC-F597-4216-B617-CDC8CB70217A}.Release|x64.Build.0 = Release|Any CPU
		{A91730AC-F597-4216-B617-CDC8CB70217A}.Release|x86.ActiveCfg = Release|Any CPU
		{A91730AC-F597-4216-B617-CDC8CB70217A}.Release|x86.Build.0 = Release|Any CPU
	EndGlobalSection
	GlobalSection(SolutionProperties) = preSolution
		HideSolutionNode = FALSE
	EndGlobalSection
	GlobalSection(ExtensibilityGlobals) = postSolution
		SolutionGuid = {415D618A-D9A6-457E-A690-36CD23F43E06}
	EndGlobalSection
	GlobalSection(NestedProjects) = preSolution
		{C78DC459-DBBB-4A47-A564-BF2C133C9306} = {1B13BC6D-59B1-4994-8645-AE3834947DF4}
		{FDC7D8F0-082D-438B-883D-72A19EF917DC} = {1B13BC6D-59B1-4994-8645-AE3834947DF4}
		{1B4E3827-AE23-40B6-87F8-CBD10A18CA07} = {1B13BC6D-59B1-4994-8645-AE3834947DF4}
		{F7677924-C3D3-4188-8CA4-65AE439F1E56} = {1B13BC6D-59B1-4994-8645-AE3834947DF4}
		{910B1E1E-355B-4521-B70A-626BDFACCACE} = {F7677924-C3D3-4188-8CA4-65AE439F1E56}
		{3E613975-D6BB-4B45-91BD-8D97D8C002C4} = {910B1E1E-355B-4521-B70A-626BDFACCACE}
		{79FEDFDA-3F97-4940-BE34-703B357D0934} = {910B1E1E-355B-4521-B70A-626BDFACCACE}
		{D8477D57-6990-4535-A16E-86E2FA1CE0BD} = {910B1E1E-355B-4521-B70A-626BDFACCACE}
		{DE92B854-5297-4CC7-A206-E217291220C9} = {910B1E1E-355B-4521-B70A-626BDFACCACE}
		{02D6C1AE-674E-408F-B540-E4B991976ED4} = {910B1E1E-355B-4521-B70A-626BDFACCACE}
		{C413A9F7-55F7-49E3-BFEC-D6AEBE2FBAEA} = {1B13BC6D-59B1-4994-8645-AE3834947DF4}
		{56C6E530-B95A-4D96-AAB6-816F251B6F69} = {1B13BC6D-59B1-4994-8645-AE3834947DF4}
		{A91730AC-F597-4216-B617-CDC8CB70217A} = {1B13BC6D-59B1-4994-8645-AE3834947DF4}
		{FFC49D7D-CB1C-4482-8462-BF5607F9EC15} = {1B13BC6D-59B1-4994-8645-AE3834947DF4}
		{7D119BBB-19FC-4214-8D20-D3DD507CCCB9} = {FFC49D7D-CB1C-4482-8462-BF5607F9EC15}
	EndGlobalSection
EndGlobal
