
Microsoft Visual Studio Solution File, Format Version 12.00
# Visual Studio Version 17
VisualStudioVersion = 17.0.31903.59
MinimumVisualStudioVersion = 10.0.40219.1
Project("{FAE04EC0-301F-11D3-BF4B-00C04F79EFBC}") = "ColladaConvert", "ColladaConvert\ColladaConvert.csproj", "{96F4A044-0609-49BA-8B8C-19C60E04C407}"
EndProject
Project("{FAE04EC0-301F-11D3-BF4B-00C04F79EFBC}") = "EarlyTest", "EarlyTest\EarlyTest.csproj", "{9567C14C-F07E-462B-B87A-76DBC83F0CB1}"
EndProject
Project("{FAE04EC0-301F-11D3-BF4B-00C04F79EFBC}") = "BSPBuilder", "BSPBuilder\BSPBuilder.csproj", "{91AD289F-BE73-4F8F-A8B9-11086C389EE7}"
EndProject
Project("{2150E333-8FDC-42A3-9474-1A3956D46DE8}") = "GrogLibs", "GrogLibs", "{FB7A4C23-D3CA-4A17-9DEB-FF8BD7812BDF}"
EndProject
Project("{FAE04EC0-301F-11D3-BF4B-00C04F79EFBC}") = "BSPCore", "GrogLibs\BSPCore\BSPCore.csproj", "{BE4558B0-AE7A-41EB-941D-AB1FEF019335}"
EndProject
Project("{FAE04EC0-301F-11D3-BF4B-00C04F79EFBC}") = "BSPVis", "GrogLibs\BSPVis\BSPVis.csproj", "{12C7D2DB-DB7B-428F-B75B-70D42A4D7116}"
EndProject
Project("{FAE04EC0-301F-11D3-BF4B-00C04F79EFBC}") = "BSPZone", "GrogLibs\BSPZone\BSPZone.csproj", "{819362ED-48A6-4DCB-86FE-75460FB4FB34}"
EndProject
Project("{FAE04EC0-301F-11D3-BF4B-00C04F79EFBC}") = "InputLib", "GrogLibs\InputLib\InputLib.csproj", "{5BAFD73F-A897-46E5-9CA8-15ACD04A8EC5}"
EndProject
Project("{FAE04EC0-301F-11D3-BF4B-00C04F79EFBC}") = "MaterialLib", "GrogLibs\MaterialLib\MaterialLib.csproj", "{C8B24618-C783-4EAB-96BF-DE22E1172EA3}"
EndProject
Project("{FAE04EC0-301F-11D3-BF4B-00C04F79EFBC}") = "MeshLib", "GrogLibs\MeshLib\MeshLib.csproj", "{05FB375E-D419-4363-B40D-74BA224A5688}"
EndProject
Project("{FAE04EC0-301F-11D3-BF4B-00C04F79EFBC}") = "PathLib", "GrogLibs\PathLib\PathLib.csproj", "{036AFA4E-D722-4F3F-B355-B39C8543181E}"
EndProject
Project("{FAE04EC0-301F-11D3-BF4B-00C04F79EFBC}") = "SharedForms", "GrogLibs\SharedForms\SharedForms.csproj", "{9FF2B237-8D45-405C-ABF3-EEDDE0397136}"
EndProject
Project("{FAE04EC0-301F-11D3-BF4B-00C04F79EFBC}") = "SharpDXWindows", "GrogLibs\SharpDXWindows\SharpDXWindows.csproj", "{2B7247A5-FCDE-4B4B-A79E-753803E906AB}"
EndProject
Project("{FAE04EC0-301F-11D3-BF4B-00C04F79EFBC}") = "UtilityLib", "GrogLibs\UtilityLib\UtilityLib.csproj", "{B9CC1D8A-1C84-4A66-8445-C0D3EDECCC4C}"
EndProject
Project("{FAE04EC0-301F-11D3-BF4B-00C04F79EFBC}") = "QEntityMaker", "QEntityMaker\QEntityMaker.csproj", "{10EAC5FB-26CE-4D06-83DD-AB457AE0C4DC}"
EndProject
Global
	GlobalSection(SolutionConfigurationPlatforms) = preSolution
		Debug|Any CPU = Debug|Any CPU
		Release|Any CPU = Release|Any CPU
	EndGlobalSection
	GlobalSection(SolutionProperties) = preSolution
		HideSolutionNode = FALSE
	EndGlobalSection
	GlobalSection(ProjectConfigurationPlatforms) = postSolution
		{96F4A044-0609-49BA-8B8C-19C60E04C407}.Debug|Any CPU.ActiveCfg = Debug|Any CPU
		{96F4A044-0609-49BA-8B8C-19C60E04C407}.Debug|Any CPU.Build.0 = Debug|Any CPU
		{96F4A044-0609-49BA-8B8C-19C60E04C407}.Release|Any CPU.ActiveCfg = Release|Any CPU
		{96F4A044-0609-49BA-8B8C-19C60E04C407}.Release|Any CPU.Build.0 = Release|Any CPU
		{9567C14C-F07E-462B-B87A-76DBC83F0CB1}.Debug|Any CPU.ActiveCfg = Debug|Any CPU
		{9567C14C-F07E-462B-B87A-76DBC83F0CB1}.Debug|Any CPU.Build.0 = Debug|Any CPU
		{9567C14C-F07E-462B-B87A-76DBC83F0CB1}.Release|Any CPU.ActiveCfg = Release|Any CPU
		{9567C14C-F07E-462B-B87A-76DBC83F0CB1}.Release|Any CPU.Build.0 = Release|Any CPU
		{91AD289F-BE73-4F8F-A8B9-11086C389EE7}.Debug|Any CPU.ActiveCfg = Debug|Any CPU
		{91AD289F-BE73-4F8F-A8B9-11086C389EE7}.Debug|Any CPU.Build.0 = Debug|Any CPU
		{91AD289F-BE73-4F8F-A8B9-11086C389EE7}.Release|Any CPU.ActiveCfg = Release|Any CPU
		{91AD289F-BE73-4F8F-A8B9-11086C389EE7}.Release|Any CPU.Build.0 = Release|Any CPU
		{BE4558B0-AE7A-41EB-941D-AB1FEF019335}.Debug|Any CPU.ActiveCfg = Debug|Any CPU
		{BE4558B0-AE7A-41EB-941D-AB1FEF019335}.Debug|Any CPU.Build.0 = Debug|Any CPU
		{BE4558B0-AE7A-41EB-941D-AB1FEF019335}.Release|Any CPU.ActiveCfg = Release|Any CPU
		{BE4558B0-AE7A-41EB-941D-AB1FEF019335}.Release|Any CPU.Build.0 = Release|Any CPU
		{12C7D2DB-DB7B-428F-B75B-70D42A4D7116}.Debug|Any CPU.ActiveCfg = Debug|Any CPU
		{12C7D2DB-DB7B-428F-B75B-70D42A4D7116}.Debug|Any CPU.Build.0 = Debug|Any CPU
		{12C7D2DB-DB7B-428F-B75B-70D42A4D7116}.Release|Any CPU.ActiveCfg = Release|Any CPU
		{12C7D2DB-DB7B-428F-B75B-70D42A4D7116}.Release|Any CPU.Build.0 = Release|Any CPU
		{819362ED-48A6-4DCB-86FE-75460FB4FB34}.Debug|Any CPU.ActiveCfg = Debug|Any CPU
		{819362ED-48A6-4DCB-86FE-75460FB4FB34}.Debug|Any CPU.Build.0 = Debug|Any CPU
		{819362ED-48A6-4DCB-86FE-75460FB4FB34}.Release|Any CPU.ActiveCfg = Release|Any CPU
		{819362ED-48A6-4DCB-86FE-75460FB4FB34}.Release|Any CPU.Build.0 = Release|Any CPU
		{5BAFD73F-A897-46E5-9CA8-15ACD04A8EC5}.Debug|Any CPU.ActiveCfg = Debug|Any CPU
		{5BAFD73F-A897-46E5-9CA8-15ACD04A8EC5}.Debug|Any CPU.Build.0 = Debug|Any CPU
		{5BAFD73F-A897-46E5-9CA8-15ACD04A8EC5}.Release|Any CPU.ActiveCfg = Release|Any CPU
		{5BAFD73F-A897-46E5-9CA8-15ACD04A8EC5}.Release|Any CPU.Build.0 = Release|Any CPU
		{C8B24618-C783-4EAB-96BF-DE22E1172EA3}.Debug|Any CPU.ActiveCfg = Debug|Any CPU
		{C8B24618-C783-4EAB-96BF-DE22E1172EA3}.Debug|Any CPU.Build.0 = Debug|Any CPU
		{C8B24618-C783-4EAB-96BF-DE22E1172EA3}.Release|Any CPU.ActiveCfg = Release|Any CPU
		{C8B24618-C783-4EAB-96BF-DE22E1172EA3}.Release|Any CPU.Build.0 = Release|Any CPU
		{05FB375E-D419-4363-B40D-74BA224A5688}.Debug|Any CPU.ActiveCfg = Debug|Any CPU
		{05FB375E-D419-4363-B40D-74BA224A5688}.Debug|Any CPU.Build.0 = Debug|Any CPU
		{05FB375E-D419-4363-B40D-74BA224A5688}.Release|Any CPU.ActiveCfg = Release|Any CPU
		{05FB375E-D419-4363-B40D-74BA224A5688}.Release|Any CPU.Build.0 = Release|Any CPU
		{036AFA4E-D722-4F3F-B355-B39C8543181E}.Debug|Any CPU.ActiveCfg = Debug|Any CPU
		{036AFA4E-D722-4F3F-B355-B39C8543181E}.Debug|Any CPU.Build.0 = Debug|Any CPU
		{036AFA4E-D722-4F3F-B355-B39C8543181E}.Release|Any CPU.ActiveCfg = Release|Any CPU
		{036AFA4E-D722-4F3F-B355-B39C8543181E}.Release|Any CPU.Build.0 = Release|Any CPU
		{9FF2B237-8D45-405C-ABF3-EEDDE0397136}.Debug|Any CPU.ActiveCfg = Debug|Any CPU
		{9FF2B237-8D45-405C-ABF3-EEDDE0397136}.Debug|Any CPU.Build.0 = Debug|Any CPU
		{9FF2B237-8D45-405C-ABF3-EEDDE0397136}.Release|Any CPU.ActiveCfg = Release|Any CPU
		{9FF2B237-8D45-405C-ABF3-EEDDE0397136}.Release|Any CPU.Build.0 = Release|Any CPU
		{2B7247A5-FCDE-4B4B-A79E-753803E906AB}.Debug|Any CPU.ActiveCfg = Debug|Any CPU
		{2B7247A5-FCDE-4B4B-A79E-753803E906AB}.Debug|Any CPU.Build.0 = Debug|Any CPU
		{2B7247A5-FCDE-4B4B-A79E-753803E906AB}.Release|Any CPU.ActiveCfg = Release|Any CPU
		{2B7247A5-FCDE-4B4B-A79E-753803E906AB}.Release|Any CPU.Build.0 = Release|Any CPU
		{B9CC1D8A-1C84-4A66-8445-C0D3EDECCC4C}.Debug|Any CPU.ActiveCfg = Debug|Any CPU
		{B9CC1D8A-1C84-4A66-8445-C0D3EDECCC4C}.Debug|Any CPU.Build.0 = Debug|Any CPU
		{B9CC1D8A-1C84-4A66-8445-C0D3EDECCC4C}.Release|Any CPU.ActiveCfg = Release|Any CPU
		{B9CC1D8A-1C84-4A66-8445-C0D3EDECCC4C}.Release|Any CPU.Build.0 = Release|Any CPU
		{10EAC5FB-26CE-4D06-83DD-AB457AE0C4DC}.Debug|Any CPU.ActiveCfg = Debug|Any CPU
		{10EAC5FB-26CE-4D06-83DD-AB457AE0C4DC}.Debug|Any CPU.Build.0 = Debug|Any CPU
		{10EAC5FB-26CE-4D06-83DD-AB457AE0C4DC}.Release|Any CPU.ActiveCfg = Release|Any CPU
		{10EAC5FB-26CE-4D06-83DD-AB457AE0C4DC}.Release|Any CPU.Build.0 = Release|Any CPU
	EndGlobalSection
	GlobalSection(NestedProjects) = preSolution
		{BE4558B0-AE7A-41EB-941D-AB1FEF019335} = {FB7A4C23-D3CA-4A17-9DEB-FF8BD7812BDF}
		{12C7D2DB-DB7B-428F-B75B-70D42A4D7116} = {FB7A4C23-D3CA-4A17-9DEB-FF8BD7812BDF}
		{819362ED-48A6-4DCB-86FE-75460FB4FB34} = {FB7A4C23-D3CA-4A17-9DEB-FF8BD7812BDF}
		{5BAFD73F-A897-46E5-9CA8-15ACD04A8EC5} = {FB7A4C23-D3CA-4A17-9DEB-FF8BD7812BDF}
		{C8B24618-C783-4EAB-96BF-DE22E1172EA3} = {FB7A4C23-D3CA-4A17-9DEB-FF8BD7812BDF}
		{05FB375E-D419-4363-B40D-74BA224A5688} = {FB7A4C23-D3CA-4A17-9DEB-FF8BD7812BDF}
		{036AFA4E-D722-4F3F-B355-B39C8543181E} = {FB7A4C23-D3CA-4A17-9DEB-FF8BD7812BDF}
		{9FF2B237-8D45-405C-ABF3-EEDDE0397136} = {FB7A4C23-D3CA-4A17-9DEB-FF8BD7812BDF}
		{2B7247A5-FCDE-4B4B-A79E-753803E906AB} = {FB7A4C23-D3CA-4A17-9DEB-FF8BD7812BDF}
		{B9CC1D8A-1C84-4A66-8445-C0D3EDECCC4C} = {FB7A4C23-D3CA-4A17-9DEB-FF8BD7812BDF}
	EndGlobalSection
EndGlobal
